
Microsoft Visual Studio Solution File, Format Version 12.00
# Visual Studio Version 17
VisualStudioVersion = 17.14.36429.23 d17.14
MinimumVisualStudioVersion = 10.0.40219.1
Project("{FAE04EC0-301F-11D3-BF4B-00C04F79EFBC}") = "MedCare365", "MedCare365\MedCare365.csproj", "{259A3C80-E1C1-46AC-AFE8-65CE04B412D5}"
EndProject
Global
	GlobalSection(SolutionConfigurationPlatforms) = preSolution
		Debug|Any CPU = Debug|Any CPU
		Release|Any CPU = Release|Any CPU
	EndGlobalSection
	GlobalSection(ProjectConfigurationPlatforms) = postSolution
		{259A3C80-E1C1-46AC-AFE8-65CE04B412D5}.Debug|Any CPU.ActiveCfg = Debug|Any CPU
		{259A3C80-E1C1-46AC-AFE8-65CE04B412D5}.Debug|Any CPU.Build.0 = Debug|Any CPU
		{259A3C80-E1C1-46AC-AFE8-65CE04B412D5}.Release|Any CPU.ActiveCfg = Release|Any CPU
		{259A3C80-E1C1-46AC-AFE8-65CE04B412D5}.Release|Any CPU.Build.0 = Release|Any CPU
	EndGlobalSection
	GlobalSection(SolutionProperties) = preSolution
		HideSolutionNode = FALSE
	EndGlobalSection
	GlobalSection(ExtensibilityGlobals) = postSolution
		SolutionGuid = {A54B0E51-3236-4A9D-9369-3B8997358975}
	EndGlobalSection
EndGlobal
